// !$*UTF8*$!
{
	archiveVersion = 1;
	classes = {
	};
	objectVersion = 46;
	objects = {

/* Begin PBXBuildFile section */
		D0B064F21E7201FE004CB165 /* AppDelegate.swift in Sources */ = {isa = PBXBuildFile; fileRef = D0B064F11E7201FE004CB165 /* AppDelegate.swift */; };
		D0B064F41E7201FE004CB165 /* ViewController.swift in Sources */ = {isa = PBXBuildFile; fileRef = D0B064F31E7201FE004CB165 /* ViewController.swift */; };
		D0B064F71E7201FE004CB165 /* Main.storyboard in Resources */ = {isa = PBXBuildFile; fileRef = D0B064F51E7201FE004CB165 /* Main.storyboard */; };
		D0B064F91E7201FE004CB165 /* Assets.xcassets in Resources */ = {isa = PBXBuildFile; fileRef = D0B064F81E7201FE004CB165 /* Assets.xcassets */; };
		D0B064FC1E7201FE004CB165 /* LaunchScreen.storyboard in Resources */ = {isa = PBXBuildFile; fileRef = D0B064FA1E7201FE004CB165 /* LaunchScreen.storyboard */; };
		D0B065041E720731004CB165 /* CustomCell.swift in Sources */ = {isa = PBXBuildFile; fileRef = D0B065031E720731004CB165 /* CustomCell.swift */; };
/* End PBXBuildFile section */

/* Begin PBXFileReference section */
		D0B064EE1E7201FE004CB165 /* customTableView.app */ = {isa = PBXFileReference; explicitFileType = wrapper.application; includeInIndex = 0; path = customTableView.app; sourceTree = BUILT_PRODUCTS_DIR; };
		D0B064F11E7201FE004CB165 /* AppDelegate.swift */ = {isa = PBXFileReference; lastKnownFileType = sourcecode.swift; path = AppDelegate.swift; sourceTree = "<group>"; };
		D0B064F31E7201FE004CB165 /* ViewController.swift */ = {isa = PBXFileReference; lastKnownFileType = sourcecode.swift; path = ViewController.swift; sourceTree = "<group>"; };
		D0B064F61E7201FE004CB165 /* Base */ = {isa = PBXFileReference; lastKnownFileType = file.storyboard; name = Base; path = Base.lproj/Main.storyboard; sourceTree = "<group>"; };
		D0B064F81E7201FE004CB165 /* Assets.xcassets */ = {isa = PBXFileReference; lastKnownFileType = folder.assetcatalog; path = Assets.xcassets; sourceTree = "<group>"; };
		D0B064FB1E7201FE004CB165 /* Base */ = {isa = PBXFileReference; lastKnownFileType = file.storyboard; name = Base; path = Base.lproj/LaunchScreen.storyboard; sourceTree = "<group>"; };
		D0B064FD1E7201FE004CB165 /* Info.plist */ = {isa = PBXFileReference; lastKnownFileType = text.plist.xml; path = Info.plist; sourceTree = "<group>"; };
		D0B065031E720731004CB165 /* CustomCell.swift */ = {isa = PBXFileReference; fileEncoding = 4; lastKnownFileType = sourcecode.swift; path = CustomCell.swift; sourceTree = "<group>"; };
/* End PBXFileReference section */

/* Begin PBXFrameworksBuildPhase section */
		D0B064EB1E7201FE004CB165 /* Frameworks */ = {
			isa = PBXFrameworksBuildPhase;
			buildActionMask = 2147483647;
			files = (
			);
			runOnlyForDeploymentPostprocessing = 0;
		};
/* End PBXFrameworksBuildPhase section */

/* Begin PBXGroup section */
		D0B064E51E7201FE004CB165 = {
			isa = PBXGroup;
			children = (
				D0B064F01E7201FE004CB165 /* customTableView */,
				D0B064EF1E7201FE004CB165 /* Products */,
			);
			sourceTree = "<group>";
		};
		D0B064EF1E7201FE004CB165 /* Products */ = {
			isa = PBXGroup;
			children = (
				D0B064EE1E7201FE004CB165 /* customTableView.app */,
			);
			name = Products;
			sourceTree = "<group>";
		};
		D0B064F01E7201FE004CB165 /* customTableView */ = {
			isa = PBXGroup;
			children = (
				D0B064F11E7201FE004CB165 /* AppDelegate.swift */,
				D0B064F31E7201FE004CB165 /* ViewController.swift */,
				D0B064F51E7201FE004CB165 /* Main.storyboard */,
				D0B064F81E7201FE004CB165 /* Assets.xcassets */,
				D0B064FA1E7201FE004CB165 /* LaunchScreen.storyboard */,
				D0B064FD1E7201FE004CB165 /* Info.plist */,
				D0B065031E720731004CB165 /* CustomCell.swift */,
			);
			path = customTableView;
			sourceTree = "<group>";
		};
/* End PBXGroup section */

/* Begin PBXNativeTarget section */
		D0B064ED1E7201FE004CB165 /* customTableView */ = {
			isa = PBXNativeTarget;
			buildConfigurationList = D0B065001E7201FE004CB165 /* Build configuration list for PBXNativeTarget "customTableView" */;
			buildPhases = (
				D0B064EA1E7201FE004CB165 /* Sources */,
				D0B064EB1E7201FE004CB165 /* Frameworks */,
				D0B064EC1E7201FE004CB165 /* Resources */,
			);
			buildRules = (
			);
			dependencies = (
			);
			name = customTableView;
			productName = customTableView;
			productReference = D0B064EE1E7201FE004CB165 /* customTableView.app */;
			productType = "com.apple.product-type.application";
		};
/* End PBXNativeTarget section */

/* Begin PBXProject section */
		D0B064E61E7201FE004CB165 /* Project object */ = {
			isa = PBXProject;
			attributes = {
				LastSwiftUpdateCheck = 0730;
				LastUpgradeCheck = 0730;
				ORGANIZATIONNAME = "Peter Zaporowski";
				TargetAttributes = {
					D0B064ED1E7201FE004CB165 = {
						CreatedOnToolsVersion = 7.3.1;
					};
				};
			};
			buildConfigurationList = D0B064E91E7201FE004CB165 /* Build configuration list for PBXProject "customTableView" */;
			compatibilityVersion = "Xcode 3.2";
			developmentRegion = English;
			hasScannedForEncodings = 0;
			knownRegions = (
				en,
				Base,
			);
			mainGroup = D0B064E51E7201FE004CB165;
			productRefGroup = D0B064EF1E7201FE004CB165 /* Products */;
			projectDirPath = "";
			projectRoot = "";
			targets = (
				D0B064ED1E7201FE004CB165 /* customTableView */,
			);
		};
/* End PBXProject section */

/* Begin PBXResourcesBuildPhase section */
		D0B064EC1E7201FE004CB165 /* Resources */ = {
			isa = PBXResourcesBuildPhase;
			buildActionMask = 2147483647;
			files = (
				D0B064FC1E7201FE004CB165 /* LaunchScreen.storyboard in Resources */,
				D0B064F91E7201FE004CB165 /* Assets.xcassets in Resources */,
				D0B064F71E7201FE004CB165 /* Main.storyboard in Resources */,
			);
			runOnlyForDeploymentPostprocessing = 0;
		};
/* End PBXResourcesBuildPhase section */

/* Begin PBXSourcesBuildPhase section */
		D0B064EA1E7201FE004CB165 /* Sources */ = {
			isa = PBXSourcesBuildPhase;
			buildActionMask = 2147483647;
			files = (
				D0B064F41E7201FE004CB165 /* ViewController.swift in Sources */,
				D0B065041E720731004CB165 /* CustomCell.swift in Sources */,
				D0B064F21E7201FE004CB165 /* AppDelegate.swift in Sources */,
			);
			runOnlyForDeploymentPostprocessing = 0;
		};
/* End PBXSourcesBuildPhase section */

/* Begin PBXVariantGroup section */
		D0B064F51E7201FE004CB165 /* Main.storyboard */ = {
			isa = PBXVariantGroup;
			children = (
				D0B064F61E7201FE004CB165 /* Base */,
			);
			name = Main.storyboard;
			sourceTree = "<group>";
		};
		D0B064FA1E7201FE004CB165 /* LaunchScreen.storyboard */ = {
			isa = PBXVariantGroup;
			children = (
				D0B064FB1E7201FE004CB165 /* Base */,
			);
			name = LaunchScreen.storyboard;
			sourceTree = "<group>";
		};
/* End PBXVariantGroup section */

/* Begin XCBuildConfiguration section */
		D0B064FE1E7201FE004CB165 /* Debug */ = {
			isa = XCBuildConfiguration;
			buildSettings = {
				ALWAYS_SEARCH_USER_PATHS = NO;
				CLANG_ANALYZER_NONNULL = YES;
				CLANG_CXX_LANGUAGE_STANDARD = "gnu++0x";
				CLANG_CXX_LIBRARY = "libc++";
				CLANG_ENABLE_MODULES = YES;
				CLANG_ENABLE_OBJC_ARC = YES;
				CLANG_WARN_BOOL_CONVERSION = YES;
				CLANG_WARN_CONSTANT_CONVERSION = YES;
				CLANG_WARN_DIRECT_OBJC_ISA_USAGE = YES_ERROR;
				CLANG_WARN_EMPTY_BODY = YES;
				CLANG_WARN_ENUM_CONVERSION = YES;
				CLANG_WARN_INT_CONVERSION = YES;
				CLANG_WARN_OBJC_ROOT_CLASS = YES_ERROR;
				CLANG_WARN_UNREACHABLE_CODE = YES;
				CLANG_WARN__DUPLICATE_METHOD_MATCH = YES;
				"CODE_SIGN_IDENTITY[sdk=iphoneos*]" = "iPhone Developer";
				COPY_PHASE_STRIP = NO;
				DEBUG_INFORMATION_FORMAT = dwarf;
				ENABLE_STRICT_OBJC_MSGSEND = YES;
				ENABLE_TESTABILITY = YES;
				GCC_C_LANGUAGE_STANDARD = gnu99;
				GCC_DYNAMIC_NO_PIC = NO;
				GCC_NO_COMMON_BLOCKS = YES;
				GCC_OPTIMIZATION_LEVEL = 0;
				GCC_PREPROCESSOR_DEFINITIONS = (
					"DEBUG=1",
					"$(inherited)",
				);
				GCC_WARN_64_TO_32_BIT_CONVERSION = YES;
				GCC_WARN_ABOUT_RETURN_TYPE = YES_ERROR;
				GCC_WARN_UNDECLARED_SELECTOR = YES;
				GCC_WARN_UNINITIALIZED_AUTOS = YES_AGGRESSIVE;
				GCC_WARN_UNUSED_FUNCTION = YES;
				GCC_WARN_UNUSED_VARIABLE = YES;
				IPHONEOS_DEPLOYMENT_TARGET = 9.3;
				MTL_ENABLE_DEBUG_INFO = YES;
				ONLY_ACTIVE_ARCH = YES;
				SDKROOT = iphoneos;
				SWIFT_OPTIMIZATION_LEVEL = "-Onone";
				TARGETED_DEVICE_FAMILY = "1,2";
			};
			name = Debug;
		};
		D0B064FF1E7201FE004CB165 /* Release */ = {
			isa = XCBuildConfiguration;
			buildSettings = {
				ALWAYS_SEARCH_USER_PATHS = NO;
				CLANG_ANALYZER_NONNULL = YES;
				CLANG_CXX_LANGUAGE_STANDARD = "gnu++0x";
				CLANG_CXX_LIBRARY = "libc++";
				CLANG_ENABLE_MODULES = YES;
				CLANG_ENABLE_OBJC_ARC = YES;
				CLANG_WARN_BOOL_CONVERSION = YES;
				CLANG_WARN_CONSTANT_CONVERSION = YES;
				CLANG_WARN_DIRECT_OBJC_ISA_USAGE = YES_ERROR;
				CLANG_WARN_EMPTY_BODY = YES;
				CLANG_WARN_ENUM_CONVERSION = YES;
				CLANG_WARN_INT_CONVERSION = YES;
				CLANG_WARN_OBJC_ROOT_CLASS = YES_ERROR;
				CLANG_WARN_UNREACHABLE_CODE = YES;
				CLANG_WARN__DUPLICATE_METHOD_MATCH = YES;
				"CODE_SIGN_IDENTITY[sdk=iphoneos*]" = "iPhone Developer";
				COPY_PHASE_STRIP = NO;
				DEBUG_INFORMATION_FORMAT = "dwarf-with-dsym";
				ENABLE_NS_ASSERTIONS = NO;
				ENABLE_STRICT_OBJC_MSGSEND = YES;
				GCC_C_LANGUAGE_STANDARD = gnu99;
				GCC_NO_COMMON_BLOCKS = YES;
				GCC_WARN_64_TO_32_BIT_CONVERSION = YES;
				GCC_WARN_ABOUT_RETURN_TYPE = YES_ERROR;
				GCC_WARN_UNDECLARED_SELECTOR = YES;
				GCC_WARN_UNINITIALIZED_AUTOS = YES_AGGRESSIVE;
				GCC_WARN_UNUSED_FUNCTION = YES;
				GCC_WARN_UNUSED_VARIABLE = YES;
				IPHONEOS_DEPLOYMENT_TARGET = 9.3;
				MTL_ENABLE_DEBUG_INFO = NO;
				SDKROOT = iphoneos;
				TARGETED_DEVICE_FAMILY = "1,2";
				VALIDATE_PRODUCT = YES;
			};
			name = Release;
		};
		D0B065011E7201FE004CB165 /* Debug */ = {
			isa = XCBuildConfiguration;
			buildSettings = {
				ASSETCATALOG_COMPILER_APPICON_NAME = AppIcon;
				INFOPLIST_FILE = customTableView/Info.plist;
				LD_RUNPATH_SEARCH_PATHS = "$(inherited) @executable_path/Frameworks";
				PRODUCT_BUNDLE_IDENTIFIER = com.peterzig.customTableView;
				PRODUCT_NAME = "$(TARGET_NAME)";
			};
			name = Debug;
		};
		D0B065021E7201FE004CB165 /* Release */ = {
			isa = XCBuildConfiguration;
			buildSettings = {
				ASSETCATALOG_COMPILER_APPICON_NAME = AppIcon;
				INFOPLIST_FILE = customTableView/Info.plist;
				LD_RUNPATH_SEARCH_PATHS = "$(inherited) @executable_path/Frameworks";
				PRODUCT_BUNDLE_IDENTIFIER = com.peterzig.customTableView;
				PRODUCT_NAME = "$(TARGET_NAME)";
			};
			name = Release;
		};
/* End XCBuildConfiguration section */

/* Begin XCConfigurationList section */
		D0B064E91E7201FE004CB165 /* Build configuration list for PBXProject "customTableView" */ = {
			isa = XCConfigurationList;
			buildConfigurations = (
				D0B064FE1E7201FE004CB165 /* Debug */,
				D0B064FF1E7201FE004CB165 /* Release */,
			);
			defaultConfigurationIsVisible = 0;
			defaultConfigurationName = Release;
		};
		D0B065001E7201FE004CB165 /* Build configuration list for PBXNativeTarget "customTableView" */ = {
			isa = XCConfigurationList;
			buildConfigurations = (
				D0B065011E7201FE004CB165 /* Debug */,
				D0B065021E7201FE004CB165 /* Release */,
			);
			defaultConfigurationIsVisible = 0;
		};
/* End XCConfigurationList section */
	};
	rootObject = D0B064E61E7201FE004CB165 /* Project object */;
}
